{
  "pins" : [
    {
      "identity" : "asynccompatibilitykit",
      "kind" : "remoteSourceControl",
      "location" : "https://github.com/JohnSundell/AsyncCompatibilityKit.git",
      "state" : {
        "revision" : "c69c367042586a55977407bbca548f6867640bd5",
        "version" : "0.1.2"
      }
    },
    {
      "identity" : "gifu",
      "kind" : "remoteSourceControl",
      "location" : "https://github.com/kaishin/Gifu",
      "state" : {
        "revision" : "82da0086dea14ca9afc9801234ad8dc4cd9e2738",
        "version" : "3.4.1"
      }
    },
    {
      "identity" : "keychainaccess",
      "kind" : "remoteSourceControl",
      "location" : "https://github.com/kishikawakatsumi/KeychainAccess.git",
      "state" : {
        "branch" : "master",
        "revision" : "ecb18d8ce4d88277cc4fb103973352d91e18c535"
      }
    },
    {
      "identity" : "nuke",
      "kind" : "remoteSourceControl",
      "location" : "https://github.com/kean/Nuke.git",
      "state" : {
        "revision" : "a002b7fd786f2df2ed4333fe73a9727499fd9d97",
        "version" : "10.11.2"
      }
    },
    {
      "identity" : "nukeui",
      "kind" : "remoteSourceControl",
      "location" : "https://github.com/kean/NukeUI.git",
      "state" : {
        "branch" : "main",
        "revision" : "7338ed8ea76de18598bfafbca0cbdc74300a6b10"
      }
    }
  ],
  "version" : 2
}
